
Microsoft Visual Studio Solution File, Format Version 12.00
# Visual Studio Version 17
VisualStudioVersion = 17.4.33122.133
MinimumVisualStudioVersion = 10.0.40219.1
Project("{2150E333-8FDC-42A3-9474-1A3956D46DE8}") = "BackEnd", "BackEnd", "{66DBB34C-CFC8-4AE3-A551-6C8A5838F99C}"
EndProject
Project("{9A19103F-16F7-4668-BE54-9A1E7A4F7556}") = "DataAccess", "DataAccess\DataAccess.csproj", "{869DC45A-AAC2-4A02-9ED1-0C9CFF3C25BE}"
EndProject
Project("{2150E333-8FDC-42A3-9474-1A3956D46DE8}") = "CommonLibrary", "CommonLibrary", "{F3972CD0-8E18-490B-8049-ECB2D70C8276}"
EndProject
Project("{9A19103F-16F7-4668-BE54-9A1E7A4F7556}") = "CommonLibrary", "CommonLibrary\CommonLibrary.csproj", "{8C4E35E8-4C4E-43BB-8069-008996480B28}"
EndProject
Project("{9A19103F-16F7-4668-BE54-9A1E7A4F7556}") = "WebAPI", "WebAPI\WebAPI.csproj", "{31CE32BB-A6C1-4BA7-BA8D-73F9233BB758}"
EndProject
Project("{2150E333-8FDC-42A3-9474-1A3956D46DE8}") = "Model", "Model", "{8D7DCF7F-C572-455D-B1F5-BA65299D0030}"
EndProject
Project("{9A19103F-16F7-4668-BE54-9A1E7A4F7556}") = "Model", "Model\Model.csproj", "{6D2A560A-CA95-416E-BF41-4A8E608AB01B}"
EndProject
Project("{2150E333-8FDC-42A3-9474-1A3956D46DE8}") = "FrontEnd", "FrontEnd", "{DF64D424-7FF1-455B-B3E6-4353F08C7584}"
EndProject
Project("{9A19103F-16F7-4668-BE54-9A1E7A4F7556}") = "AppLibrary", "AppLibrary\AppLibrary.csproj", "{F780A306-DD0F-46F5-8F52-7C4E1662390B}"
EndProject
Project("{9A19103F-16F7-4668-BE54-9A1E7A4F7556}") = "AppControls", "AppControls\AppControls.csproj", "{1C143E86-4F91-4820-8AA4-17C47101BDFC}"
EndProject
Project("{9A19103F-16F7-4668-BE54-9A1E7A4F7556}") = "BSNOJTApp", "BSNOJTApp\BSNOJTApp.csproj", "{83272A73-15CD-4786-9EEA-E26C7B1CC814}"
EndProject
Project("{2150E333-8FDC-42A3-9474-1A3956D46DE8}") = "Solution Items", "Solution Items", "{B0B45AE6-9EB8-4CBD-BB16-ED5FB921F87D}"
	ProjectSection(SolutionItems) = preProject
		.editorconfig = .editorconfig
	EndProjectSection
EndProject
Global
	GlobalSection(SolutionConfigurationPlatforms) = preSolution
		Debug|Any CPU = Debug|Any CPU
		Release|Any CPU = Release|Any CPU
	EndGlobalSection
	GlobalSection(ProjectConfigurationPlatforms) = postSolution
		{869DC45A-AAC2-4A02-9ED1-0C9CFF3C25BE}.Debug|Any CPU.ActiveCfg = Debug|Any CPU
		{869DC45A-AAC2-4A02-9ED1-0C9CFF3C25BE}.Debug|Any CPU.Build.0 = Debug|Any CPU
		{869DC45A-AAC2-4A02-9ED1-0C9CFF3C25BE}.Release|Any CPU.ActiveCfg = Release|Any CPU
		{869DC45A-AAC2-4A02-9ED1-0C9CFF3C25BE}.Release|Any CPU.Build.0 = Release|Any CPU
		{8C4E35E8-4C4E-43BB-8069-008996480B28}.Debug|Any CPU.ActiveCfg = Debug|Any CPU
		{8C4E35E8-4C4E-43BB-8069-008996480B28}.Debug|Any CPU.Build.0 = Debug|Any CPU
		{8C4E35E8-4C4E-43BB-8069-008996480B28}.Release|Any CPU.ActiveCfg = Release|Any CPU
		{8C4E35E8-4C4E-43BB-8069-008996480B28}.Release|Any CPU.Build.0 = Release|Any CPU
		{31CE32BB-A6C1-4BA7-BA8D-73F9233BB758}.Debug|Any CPU.ActiveCfg = Debug|Any CPU
		{31CE32BB-A6C1-4BA7-BA8D-73F9233BB758}.Debug|Any CPU.Build.0 = Debug|Any CPU
		{31CE32BB-A6C1-4BA7-BA8D-73F9233BB758}.Release|Any CPU.ActiveCfg = Release|Any CPU
		{31CE32BB-A6C1-4BA7-BA8D-73F9233BB758}.Release|Any CPU.Build.0 = Release|Any CPU
		{6D2A560A-CA95-416E-BF41-4A8E608AB01B}.Debug|Any CPU.ActiveCfg = Debug|Any CPU
		{6D2A560A-CA95-416E-BF41-4A8E608AB01B}.Debug|Any CPU.Build.0 = Debug|Any CPU
		{6D2A560A-CA95-416E-BF41-4A8E608AB01B}.Release|Any CPU.ActiveCfg = Release|Any CPU
		{6D2A560A-CA95-416E-BF41-4A8E608AB01B}.Release|Any CPU.Build.0 = Release|Any CPU
		{F780A306-DD0F-46F5-8F52-7C4E1662390B}.Debug|Any CPU.ActiveCfg = Debug|Any CPU
		{F780A306-DD0F-46F5-8F52-7C4E1662390B}.Debug|Any CPU.Build.0 = Debug|Any CPU
		{F780A306-DD0F-46F5-8F52-7C4E1662390B}.Release|Any CPU.ActiveCfg = Release|Any CPU
		{F780A306-DD0F-46F5-8F52-7C4E1662390B}.Release|Any CPU.Build.0 = Release|Any CPU
		{1C143E86-4F91-4820-8AA4-17C47101BDFC}.Debug|Any CPU.ActiveCfg = Debug|Any CPU
		{1C143E86-4F91-4820-8AA4-17C47101BDFC}.Debug|Any CPU.Build.0 = Debug|Any CPU
		{1C143E86-4F91-4820-8AA4-17C47101BDFC}.Release|Any CPU.ActiveCfg = Release|Any CPU
		{1C143E86-4F91-4820-8AA4-17C47101BDFC}.Release|Any CPU.Build.0 = Release|Any CPU
		{83272A73-15CD-4786-9EEA-E26C7B1CC814}.Debug|Any CPU.ActiveCfg = Debug|Any CPU
		{83272A73-15CD-4786-9EEA-E26C7B1CC814}.Debug|Any CPU.Build.0 = Debug|Any CPU
		{83272A73-15CD-4786-9EEA-E26C7B1CC814}.Release|Any CPU.ActiveCfg = Release|Any CPU
		{83272A73-15CD-4786-9EEA-E26C7B1CC814}.Release|Any CPU.Build.0 = Release|Any CPU
	EndGlobalSection
	GlobalSection(SolutionProperties) = preSolution
		HideSolutionNode = FALSE
	EndGlobalSection
	GlobalSection(NestedProjects) = preSolution
		{869DC45A-AAC2-4A02-9ED1-0C9CFF3C25BE} = {66DBB34C-CFC8-4AE3-A551-6C8A5838F99C}
		{8C4E35E8-4C4E-43BB-8069-008996480B28} = {F3972CD0-8E18-490B-8049-ECB2D70C8276}
		{31CE32BB-A6C1-4BA7-BA8D-73F9233BB758} = {66DBB34C-CFC8-4AE3-A551-6C8A5838F99C}
		{6D2A560A-CA95-416E-BF41-4A8E608AB01B} = {8D7DCF7F-C572-455D-B1F5-BA65299D0030}
		{F780A306-DD0F-46F5-8F52-7C4E1662390B} = {DF64D424-7FF1-455B-B3E6-4353F08C7584}
		{1C143E86-4F91-4820-8AA4-17C47101BDFC} = {DF64D424-7FF1-455B-B3E6-4353F08C7584}
		{83272A73-15CD-4786-9EEA-E26C7B1CC814} = {DF64D424-7FF1-455B-B3E6-4353F08C7584}
	EndGlobalSection
	GlobalSection(ExtensibilityGlobals) = postSolution
		SolutionGuid = {195B302E-6870-4B45-96C6-AAA889893CBF}
	EndGlobalSection
EndGlobal
